lockfileVersion: '6.0'

settings:
  autoInstallPeers: true
  excludeLinksFromLockfile: false

dependencies:
  pnpm:
    specifier: ^9.7.1
    version: 9.7.1

packages:

  /pnpm@9.7.1:
    resolution: {integrity: sha512-+vNEry1splxMXIwiJOp3qBpeiFnLxOBrFRHdzi8BUVEkMd0Z5q/zHyxqj18qztm9InPh/tfdTeGGiYQFnSxCRw==}
    engines: {node: '>=18.12'}
    hasBin: true
    dev: false
